
Microsoft Visual Studio Solution File, Format Version 12.00
# Visual Studio 2013
VisualStudioVersion = 12.0.30723.0
MinimumVisualStudioVersion = 10.0.40219.1
Project("{FAE04EC0-301F-11D3-BF4B-00C04F79EFBC}") = "WindowsFormsApplication_Async_deadlock_sample", "WindowsFormsApplication1\WindowsFormsApplication_Async_deadlock_sample.csproj", "{B6C15B7B-4BE6-46CA-8004-FAC58AF559DC}"
EndProject
Global
	GlobalSection(SolutionConfigurationPlatforms) = preSolution
		Debug|Any CPU = Debug|Any CPU
		Release|Any CPU = Release|Any CPU
	EndGlobalSection
	GlobalSection(ProjectConfigurationPlatforms) = postSolution
		{B6C15B7B-4BE6-46CA-8004-FAC58AF559DC}.Debug|Any CPU.ActiveCfg = Debug|Any CPU
		{B6C15B7B-4BE6-46CA-8004-FAC58AF559DC}.Debug|Any CPU.Build.0 = Debug|Any CPU
		{B6C15B7B-4BE6-46CA-8004-FAC58AF559DC}.Release|Any CPU.ActiveCfg = Release|Any CPU
		{B6C15B7B-4BE6-46CA-8004-FAC58AF559DC}.Release|Any CPU.Build.0 = Release|Any CPU
	EndGlobalSection
	GlobalSection(SolutionProperties) = preSolution
		HideSolutionNode = FALSE
	EndGlobalSection
EndGlobal
